
Microsoft Visual Studio Solution File, Format Version 12.00
# Visual Studio Version 17
VisualStudioVersion = 17.7.34031.279
MinimumVisualStudioVersion = 10.0.40219.1
Project("{8BC9CEB8-8B4A-11D0-8D11-00A0C91BC942}") = "PR2", "PR2.vcxproj", "{88736142-8CA0-4C27-83CA-C668078A78D3}"
EndProject
Global
	GlobalSection(SolutionConfigurationPlatforms) = preSolution
		Debug|x64 = Debug|x64
		Debug|x86 = Debug|x86
		Release|x64 = Release|x64
		Release|x86 = Release|x86
	EndGlobalSection
	GlobalSection(ProjectConfigurationPlatforms) = postSolution
		{88736142-8CA0-4C27-83CA-C668078A78D3}.Debug|x64.ActiveCfg = Debug|x64
		{88736142-8CA0-4C27-83CA-C668078A78D3}.Debug|x64.Build.0 = Debug|x64
		{88736142-8CA0-4C27-83CA-C668078A78D3}.Debug|x86.ActiveCfg = Debug|Win32
		{88736142-8CA0-4C27-83CA-C668078A78D3}.Debug|x86.Build.0 = Debug|Win32
		{88736142-8CA0-4C27-83CA-C668078A78D3}.Release|x64.ActiveCfg = Release|x64
		{88736142-8CA0-4C27-83CA-C668078A78D3}.Release|x64.Build.0 = Release|x64
		{88736142-8CA0-4C27-83CA-C668078A78D3}.Release|x86.ActiveCfg = Release|Win32
		{88736142-8CA0-4C27-83CA-C668078A78D3}.Release|x86.Build.0 = Release|Win32
	EndGlobalSection
	GlobalSection(SolutionProperties) = preSolution
		HideSolutionNode = FALSE
	EndGlobalSection
	GlobalSection(ExtensibilityGlobals) = postSolution
		SolutionGuid = {BAED5725-442F-40B0-933B-8862DD85C424}
	EndGlobalSection
EndGlobal
